
Microsoft Visual Studio Solution File, Format Version 12.00
# Visual Studio 15
Project("{FAE04EC0-301F-11D3-BF4B-00C04F79EFBC}") = "EducationABC", "EducationABC.csproj", "{833BCE8C-E5CF-C71C-B46B-40886421278B}"
EndProject
Project("{FAE04EC0-301F-11D3-BF4B-00C04F79EFBC}") = "EducationABC.Editor", "EducationABC.Editor.csproj", "{6083D51B-29D6-D93E-6341-D7EEF8B87658}"
EndProject
Global
	GlobalSection(SolutionConfigurationPlatforms) = preSolution
		Debug|Any CPU = Debug|Any CPU
		Release|Any CPU = Release|Any CPU
	EndGlobalSection
	GlobalSection(ProjectConfigurationPlatforms) = postSolution
		{833BCE8C-E5CF-C71C-B46B-40886421278B}.Debug|Any CPU.ActiveCfg = Debug|Any CPU
		{833BCE8C-E5CF-C71C-B46B-40886421278B}.Debug|Any CPU.Build.0 = Debug|Any CPU
		{833BCE8C-E5CF-C71C-B46B-40886421278B}.Release|Any CPU.ActiveCfg = Release|Any CPU
		{833BCE8C-E5CF-C71C-B46B-40886421278B}.Release|Any CPU.Build.0 = Release|Any CPU
		{6083D51B-29D6-D93E-6341-D7EEF8B87658}.Debug|Any CPU.ActiveCfg = Debug|Any CPU
		{6083D51B-29D6-D93E-6341-D7EEF8B87658}.Debug|Any CPU.Build.0 = Debug|Any CPU
		{6083D51B-29D6-D93E-6341-D7EEF8B87658}.Release|Any CPU.ActiveCfg = Release|Any CPU
		{6083D51B-29D6-D93E-6341-D7EEF8B87658}.Release|Any CPU.Build.0 = Release|Any CPU
	EndGlobalSection
	GlobalSection(SolutionProperties) = preSolution
		HideSolutionNode = FALSE
	EndGlobalSection
EndGlobal
